
Microsoft Visual Studio Solution File, Format Version 12.00
# Visual Studio Version 17
VisualStudioVersion = 17.5.002.0
MinimumVisualStudioVersion = 10.0.40219.1
Project("{9A19103F-16F7-4668-BE54-9A1E7A4F7556}") = "Proyecto", "Proyecto.csproj", "{D1F36976-9951-460E-9F12-102D824859A9}"
EndProject
Global
	GlobalSection(SolutionConfigurationPlatforms) = preSolution
		Debug|Any CPU = Debug|Any CPU
		Release|Any CPU = Release|Any CPU
	EndGlobalSection
	GlobalSection(ProjectConfigurationPlatforms) = postSolution
		{D1F36976-9951-460E-9F12-102D824859A9}.Debug|Any CPU.ActiveCfg = Debug|Any CPU
		{D1F36976-9951-460E-9F12-102D824859A9}.Debug|Any CPU.Build.0 = Debug|Any CPU
		{D1F36976-9951-460E-9F12-102D824859A9}.Release|Any CPU.ActiveCfg = Release|Any CPU
		{D1F36976-9951-460E-9F12-102D824859A9}.Release|Any CPU.Build.0 = Release|Any CPU
	EndGlobalSection
	GlobalSection(SolutionProperties) = preSolution
		HideSolutionNode = FALSE
	EndGlobalSection
	GlobalSection(ExtensibilityGlobals) = postSolution
		SolutionGuid = {2E88974C-25EF-423E-9A6A-C2A2F60C19CC}
	EndGlobalSection
EndGlobal
